
Microsoft Visual Studio Solution File, Format Version 12.00
# Visual Studio Version 16
VisualStudioVersion = 16.0.31515.178
MinimumVisualStudioVersion = 10.0.40219.1
Project("{FAE04EC0-301F-11D3-BF4B-00C04F79EFBC}") = "Wallet", "Wallet\Wallet.csproj", "{82D78C9A-4535-4CA4-AFB5-43F53A64C134}"
EndProject
Global
	GlobalSection(SolutionConfigurationPlatforms) = preSolution
		Debug|Any CPU = Debug|Any CPU
		Release|Any CPU = Release|Any CPU
	EndGlobalSection
	GlobalSection(ProjectConfigurationPlatforms) = postSolution
		{82D78C9A-4535-4CA4-AFB5-43F53A64C134}.Debug|Any CPU.ActiveCfg = Debug|Any CPU
		{82D78C9A-4535-4CA4-AFB5-43F53A64C134}.Debug|Any CPU.Build.0 = Debug|Any CPU
		{82D78C9A-4535-4CA4-AFB5-43F53A64C134}.Release|Any CPU.ActiveCfg = Release|Any CPU
		{82D78C9A-4535-4CA4-AFB5-43F53A64C134}.Release|Any CPU.Build.0 = Release|Any CPU
	EndGlobalSection
	GlobalSection(SolutionProperties) = preSolution
		HideSolutionNode = FALSE
	EndGlobalSection
	GlobalSection(ExtensibilityGlobals) = postSolution
		SolutionGuid = {7E8D5798-EA87-41EE-88A9-E1FEC6E57F8D}
	EndGlobalSection
EndGlobal
